
Microsoft Visual Studio Solution File, Format Version 12.00
# Visual Studio 14
VisualStudioVersion = 14.0.25420.1
MinimumVisualStudioVersion = 10.0.40219.1
Project("{2150E333-8FDC-42A3-9474-1A3956D46DE8}") = "Engine", "Engine", "{D4FE78FB-58A4-4381-8B08-994D4CBA66ED}"
EndProject
Project("{2150E333-8FDC-42A3-9474-1A3956D46DE8}") = "Games", "Games", "{42A518B3-AF33-4689-B1BC-535E6A795045}"
EndProject
Project("{8BC9CEB8-8B4A-11D0-8D11-00A0C91BC942}") = "UE4", "Intermediate\ProjectFiles\UE4.vcxproj", "{98BEAAFA-FB9C-4E30-AB3B-709C160ECD0F}"
EndProject
Project("{8BC9CEB8-8B4A-11D0-8D11-00A0C91BC942}") = "BuildingEscape", "Intermediate\ProjectFiles\BuildingEscape.vcxproj", "{42C124EC-CA7C-4B0F-90AA-16A712DD2A7C}"
EndProject
Global
	GlobalSection(SolutionConfigurationPlatforms) = preSolution
		DebugGame Editor|Win32 = DebugGame Editor|Win32
		DebugGame Editor|Win64 = DebugGame Editor|Win64
		DebugGame|Win32 = DebugGame|Win32
		DebugGame|Win64 = DebugGame|Win64
		Development Editor|Win32 = Development Editor|Win32
		Development Editor|Win64 = Development Editor|Win64
		Development|Win32 = Development|Win32
		Development|Win64 = Development|Win64
		Shipping|Win32 = Shipping|Win32
		Shipping|Win64 = Shipping|Win64
	EndGlobalSection
	GlobalSection(ProjectConfigurationPlatforms) = postSolution
		{98BEAAFA-FB9C-4E30-AB3B-709C160ECD0F}.DebugGame Editor|Win32.ActiveCfg = BuiltWithUnrealBuildTool|Win32
		{98BEAAFA-FB9C-4E30-AB3B-709C160ECD0F}.DebugGame Editor|Win32.Build.0 = BuiltWithUnrealBuildTool|Win32
		{98BEAAFA-FB9C-4E30-AB3B-709C160ECD0F}.DebugGame Editor|Win64.ActiveCfg = BuiltWithUnrealBuildTool|Win32
		{98BEAAFA-FB9C-4E30-AB3B-709C160ECD0F}.DebugGame Editor|Win64.Build.0 = BuiltWithUnrealBuildTool|Win32
		{98BEAAFA-FB9C-4E30-AB3B-709C160ECD0F}.DebugGame|Win32.ActiveCfg = BuiltWithUnrealBuildTool|Win32
		{98BEAAFA-FB9C-4E30-AB3B-709C160ECD0F}.DebugGame|Win32.Build.0 = BuiltWithUnrealBuildTool|Win32
		{98BEAAFA-FB9C-4E30-AB3B-709C160ECD0F}.DebugGame|Win64.ActiveCfg = BuiltWithUnrealBuildTool|Win32
		{98BEAAFA-FB9C-4E30-AB3B-709C160ECD0F}.DebugGame|Win64.Build.0 = BuiltWithUnrealBuildTool|Win32
		{98BEAAFA-FB9C-4E30-AB3B-709C160ECD0F}.Development Editor|Win32.ActiveCfg = BuiltWithUnrealBuildTool|Win32
		{98BEAAFA-FB9C-4E30-AB3B-709C160ECD0F}.Development Editor|Win32.Build.0 = BuiltWithUnrealBuildTool|Win32
		{98BEAAFA-FB9C-4E30-AB3B-709C160ECD0F}.Development Editor|Win64.ActiveCfg = BuiltWithUnrealBuildTool|Win32
		{98BEAAFA-FB9C-4E30-AB3B-709C160ECD0F}.Development Editor|Win64.Build.0 = BuiltWithUnrealBuildTool|Win32
		{98BEAAFA-FB9C-4E30-AB3B-709C160ECD0F}.Development|Win32.ActiveCfg = BuiltWithUnrealBuildTool|Win32
		{98BEAAFA-FB9C-4E30-AB3B-709C160ECD0F}.Development|Win32.Build.0 = BuiltWithUnrealBuildTool|Win32
		{98BEAAFA-FB9C-4E30-AB3B-709C160ECD0F}.Development|Win64.ActiveCfg = BuiltWithUnrealBuildTool|Win32
		{98BEAAFA-FB9C-4E30-AB3B-709C160ECD0F}.Development|Win64.Build.0 = BuiltWithUnrealBuildTool|Win32
		{98BEAAFA-FB9C-4E30-AB3B-709C160ECD0F}.Shipping|Win32.ActiveCfg = BuiltWithUnrealBuildTool|Win32
		{98BEAAFA-FB9C-4E30-AB3B-709C160ECD0F}.Shipping|Win32.Build.0 = BuiltWithUnrealBuildTool|Win32
		{98BEAAFA-FB9C-4E30-AB3B-709C160ECD0F}.Shipping|Win64.ActiveCfg = BuiltWithUnrealBuildTool|Win32
		{98BEAAFA-FB9C-4E30-AB3B-709C160ECD0F}.Shipping|Win64.Build.0 = BuiltWithUnrealBuildTool|Win32
		{42C124EC-CA7C-4B0F-90AA-16A712DD2A7C}.DebugGame Editor|Win32.ActiveCfg = DebugGame_Editor|Win32
		{42C124EC-CA7C-4B0F-90AA-16A712DD2A7C}.DebugGame Editor|Win64.ActiveCfg = DebugGame_Editor|x64
		{42C124EC-CA7C-4B0F-90AA-16A712DD2A7C}.DebugGame Editor|Win64.Build.0 = DebugGame_Editor|x64
		{42C124EC-CA7C-4B0F-90AA-16A712DD2A7C}.DebugGame|Win32.ActiveCfg = DebugGame_Game|Win32
		{42C124EC-CA7C-4B0F-90AA-16A712DD2A7C}.DebugGame|Win32.Build.0 = DebugGame_Game|Win32
		{42C124EC-CA7C-4B0F-90AA-16A712DD2A7C}.DebugGame|Win64.ActiveCfg = DebugGame_Game|x64
		{42C124EC-CA7C-4B0F-90AA-16A712DD2A7C}.DebugGame|Win64.Build.0 = DebugGame_Game|x64
		{42C124EC-CA7C-4B0F-90AA-16A712DD2A7C}.Development Editor|Win32.ActiveCfg = Development_Editor|Win32
		{42C124EC-CA7C-4B0F-90AA-16A712DD2A7C}.Development Editor|Win64.ActiveCfg = Development_Editor|x64
		{42C124EC-CA7C-4B0F-90AA-16A712DD2A7C}.Development Editor|Win64.Build.0 = Development_Editor|x64
		{42C124EC-CA7C-4B0F-90AA-16A712DD2A7C}.Development|Win32.ActiveCfg = Development_Game|Win32
		{42C124EC-CA7C-4B0F-90AA-16A712DD2A7C}.Development|Win32.Build.0 = Development_Game|Win32
		{42C124EC-CA7C-4B0F-90AA-16A712DD2A7C}.Development|Win64.ActiveCfg = Development_Game|x64
		{42C124EC-CA7C-4B0F-90AA-16A712DD2A7C}.Development|Win64.Build.0 = Development_Game|x64
		{42C124EC-CA7C-4B0F-90AA-16A712DD2A7C}.Shipping|Win32.ActiveCfg = Shipping_Game|Win32
		{42C124EC-CA7C-4B0F-90AA-16A712DD2A7C}.Shipping|Win32.Build.0 = Shipping_Game|Win32
		{42C124EC-CA7C-4B0F-90AA-16A712DD2A7C}.Shipping|Win64.ActiveCfg = Shipping_Game|x64
		{42C124EC-CA7C-4B0F-90AA-16A712DD2A7C}.Shipping|Win64.Build.0 = Shipping_Game|x64
	EndGlobalSection
	GlobalSection(SolutionProperties) = preSolution
		HideSolutionNode = FALSE
	EndGlobalSection
	GlobalSection(NestedProjects) = preSolution
		{98BEAAFA-FB9C-4E30-AB3B-709C160ECD0F} = {D4FE78FB-58A4-4381-8B08-994D4CBA66ED}
		{42C124EC-CA7C-4B0F-90AA-16A712DD2A7C} = {42A518B3-AF33-4689-B1BC-535E6A795045}
	EndGlobalSection
EndGlobal
